
Microsoft Visual Studio Solution File, Format Version 12.00
# Visual Studio 15
VisualStudioVersion = 15.0.28307.329
MinimumVisualStudioVersion = 10.0.40219.1
Project("{FAE04EC0-301F-11D3-BF4B-00C04F79EFBC}") = "PracticeWPF", "PracticeWPF\PracticeWPF.csproj", "{9B285DBE-BCD1-4EFF-9586-59D9D95E9D3A}"
EndProject
Global
	GlobalSection(SolutionConfigurationPlatforms) = preSolution
		Debug|Any CPU = Debug|Any CPU
		Release|Any CPU = Release|Any CPU
	EndGlobalSection
	GlobalSection(ProjectConfigurationPlatforms) = postSolution
		{9B285DBE-BCD1-4EFF-9586-59D9D95E9D3A}.Debug|Any CPU.ActiveCfg = Debug|Any CPU
		{9B285DBE-BCD1-4EFF-9586-59D9D95E9D3A}.Debug|Any CPU.Build.0 = Debug|Any CPU
		{9B285DBE-BCD1-4EFF-9586-59D9D95E9D3A}.Release|Any CPU.ActiveCfg = Release|Any CPU
		{9B285DBE-BCD1-4EFF-9586-59D9D95E9D3A}.Release|Any CPU.Build.0 = Release|Any CPU
	EndGlobalSection
	GlobalSection(SolutionProperties) = preSolution
		HideSolutionNode = FALSE
	EndGlobalSection
	GlobalSection(ExtensibilityGlobals) = postSolution
		SolutionGuid = {F59052A0-C866-4A7C-AF69-AD37DAEC6A4C}
	EndGlobalSection
EndGlobal
